// !$*UTF8*$!
{
	archiveVersion = 1;
	classes = {
	};
	objectVersion = 55;
	objects = {

/* Begin PBXBuildFile section */
		15922831294E5C8A00B4E80C /* AppDelegate.swift in Sources */ = {isa = PBXBuildFile; fileRef = 15922830294E5C8A00B4E80C /* AppDelegate.swift */; };
		15922833294E5C8A00B4E80C /* SceneDelegate.swift in Sources */ = {isa = PBXBuildFile; fileRef = 15922832294E5C8A00B4E80C /* SceneDelegate.swift */; };
		15922835294E5C8A00B4E80C /* ViewController.swift in Sources */ = {isa = PBXBuildFile; fileRef = 15922834294E5C8A00B4E80C /* ViewController.swift */; };
		15922838294E5C8A00B4E80C /* Main.storyboard in Resources */ = {isa = PBXBuildFile; fileRef = 15922836294E5C8A00B4E80C /* Main.storyboard */; };
		1592283B294E5C8A00B4E80C /* test.xcdatamodeld in Sources */ = {isa = PBXBuildFile; fileRef = 15922839294E5C8A00B4E80C /* test.xcdatamodeld */; };
		1592283D294E5C8C00B4E80C /* Assets.xcassets in Resources */ = {isa = PBXBuildFile; fileRef = 1592283C294E5C8C00B4E80C /* Assets.xcassets */; };
		15922840294E5C8C00B4E80C /* LaunchScreen.storyboard in Resources */ = {isa = PBXBuildFile; fileRef = 1592283E294E5C8C00B4E80C /* LaunchScreen.storyboard */; };
		1592284B294E5C8C00B4E80C /* testTests.swift in Sources */ = {isa = PBXBuildFile; fileRef = 1592284A294E5C8C00B4E80C /* testTests.swift */; };
		15922855294E5C8C00B4E80C /* testUITests.swift in Sources */ = {isa = PBXBuildFile; fileRef = 15922854294E5C8C00B4E80C /* testUITests.swift */; };
		15922857294E5C8C00B4E80C /* testUITestsLaunchTests.swift in Sources */ = {isa = PBXBuildFile; fileRef = 15922856294E5C8C00B4E80C /* testUITestsLaunchTests.swift */; };
/* End PBXBuildFile section */

/* Begin PBXContainerItemProxy section */
		15922847294E5C8C00B4E80C /* PBXContainerItemProxy */ = {
			isa = PBXContainerItemProxy;
			containerPortal = 15922825294E5C8A00B4E80C /* Project object */;
			proxyType = 1;
			remoteGlobalIDString = 1592282C294E5C8A00B4E80C;
			remoteInfo = test;
		};
		15922851294E5C8C00B4E80C /* PBXContainerItemProxy */ = {
			isa = PBXContainerItemProxy;
			containerPortal = 15922825294E5C8A00B4E80C /* Project object */;
			proxyType = 1;
			remoteGlobalIDString = 1592282C294E5C8A00B4E80C;
			remoteInfo = test;
		};
/* End PBXContainerItemProxy section */

/* Begin PBXFileReference section */
		1592282D294E5C8A00B4E80C /* test.app */ = {isa = PBXFileReference; explicitFileType = wrapper.application; includeInIndex = 0; path = test.app; sourceTree = BUILT_PRODUCTS_DIR; };
		15922830294E5C8A00B4E80C /* AppDelegate.swift */ = {isa = PBXFileReference; lastKnownFileType = sourcecode.swift; path = AppDelegate.swift; sourceTree = "<group>"; };
		15922832294E5C8A00B4E80C /* SceneDelegate.swift */ = {isa = PBXFileReference; lastKnownFileType = sourcecode.swift; path = SceneDelegate.swift; sourceTree = "<group>"; };
		15922834294E5C8A00B4E80C /* ViewController.swift */ = {isa = PBXFileReference; lastKnownFileType = sourcecode.swift; path = ViewController.swift; sourceTree = "<group>"; };
		15922837294E5C8A00B4E80C /* Base */ = {isa = PBXFileReference; lastKnownFileType = file.storyboard; name = Base; path = Base.lproj/Main.storyboard; sourceTree = "<group>"; };
		1592283A294E5C8A00B4E80C /* test.xcdatamodel */ = {isa = PBXFileReference; lastKnownFileType = wrapper.xcdatamodel; path = test.xcdatamodel; sourceTree = "<group>"; };
		1592283C294E5C8C00B4E80C /* Assets.xcassets */ = {isa = PBXFileReference; lastKnownFileType = folder.assetcatalog; path = Assets.xcassets; sourceTree = "<group>"; };
		1592283F294E5C8C00B4E80C /* Base */ = {isa = PBXFileReference; lastKnownFileType = file.storyboard; name = Base; path = Base.lproj/LaunchScreen.storyboard; sourceTree = "<group>"; };
		15922841294E5C8C00B4E80C /* Info.plist */ = {isa = PBXFileReference; lastKnownFileType = text.plist.xml; path = Info.plist; sourceTree = "<group>"; };
		15922846294E5C8C00B4E80C /* testTests.xctest */ = {isa = PBXFileReference; explicitFileType = wrapper.cfbundle; includeInIndex = 0; path = testTests.xctest; sourceTree = BUILT_PRODUCTS_DIR; };
		1592284A294E5C8C00B4E80C /* testTests.swift */ = {isa = PBXFileReference; lastKnownFileType = sourcecode.swift; path = testTests.swift; sourceTree = "<group>"; };
		15922850294E5C8C00B4E80C /* testUITests.xctest */ = {isa = PBXFileReference; explicitFileType = wrapper.cfbundle; includeInIndex = 0; path = testUITests.xctest; sourceTree = BUILT_PRODUCTS_DIR; };
		15922854294E5C8C00B4E80C /* testUITests.swift */ = {isa = PBXFileReference; lastKnownFileType = sourcecode.swift; path = testUITests.swift; sourceTree = "<group>"; };
		15922856294E5C8C00B4E80C /* testUITestsLaunchTests.swift */ = {isa = PBXFileReference; lastKnownFileType = sourcecode.swift; path = testUITestsLaunchTests.swift; sourceTree = "<group>"; };
/* End PBXFileReference section */

/* Begin PBXFrameworksBuildPhase section */
		1592282A294E5C8A00B4E80C /* Frameworks */ = {
			isa = PBXFrameworksBuildPhase;
			buildActionMask = 2147483647;
			files = (
			);
			runOnlyForDeploymentPostprocessing = 0;
		};
		15922843294E5C8C00B4E80C /* Frameworks */ = {
			isa = PBXFrameworksBuildPhase;
			buildActionMask = 2147483647;
			files = (
			);
			runOnlyForDeploymentPostprocessing = 0;
		};
		1592284D294E5C8C00B4E80C /* Frameworks */ = {
			isa = PBXFrameworksBuildPhase;
			buildActionMask = 2147483647;
			files = (
			);
			runOnlyForDeploymentPostprocessing = 0;
		};
/* End PBXFrameworksBuildPhase section */

/* Begin PBXGroup section */
		15922824294E5C8A00B4E80C = {
			isa = PBXGroup;
			children = (
				1592282F294E5C8A00B4E80C /* test */,
				15922849294E5C8C00B4E80C /* testTests */,
				15922853294E5C8C00B4E80C /* testUITests */,
				1592282E294E5C8A00B4E80C /* Products */,
			);
			sourceTree = "<group>";
		};
		1592282E294E5C8A00B4E80C /* Products */ = {
			isa = PBXGroup;
			children = (
				1592282D294E5C8A00B4E80C /* test.app */,
				15922846294E5C8C00B4E80C /* testTests.xctest */,
				15922850294E5C8C00B4E80C /* testUITests.xctest */,
			);
			name = Products;
			sourceTree = "<group>";
		};
		1592282F294E5C8A00B4E80C /* test */ = {
			isa = PBXGroup;
			children = (
				15922830294E5C8A00B4E80C /* AppDelegate.swift */,
				15922832294E5C8A00B4E80C /* SceneDelegate.swift */,
				15922834294E5C8A00B4E80C /* ViewController.swift */,
				15922836294E5C8A00B4E80C /* Main.storyboard */,
				1592283C294E5C8C00B4E80C /* Assets.xcassets */,
				1592283E294E5C8C00B4E80C /* LaunchScreen.storyboard */,
				15922841294E5C8C00B4E80C /* Info.plist */,
				15922839294E5C8A00B4E80C /* test.xcdatamodeld */,
			);
			path = test;
			sourceTree = "<group>";
		};
		15922849294E5C8C00B4E80C /* testTests */ = {
			isa = PBXGroup;
			children = (
				1592284A294E5C8C00B4E80C /* testTests.swift */,
			);
			path = testTests;
			sourceTree = "<group>";
		};
		15922853294E5C8C00B4E80C /* testUITests */ = {
			isa = PBXGroup;
			children = (
				15922854294E5C8C00B4E80C /* testUITests.swift */,
				15922856294E5C8C00B4E80C /* testUITestsLaunchTests.swift */,
			);
			path = testUITests;
			sourceTree = "<group>";
		};
/* End PBXGroup section */

/* Begin PBXNativeTarget section */
		1592282C294E5C8A00B4E80C /* test */ = {
			isa = PBXNativeTarget;
			buildConfigurationList = 1592285A294E5C8C00B4E80C /* Build configuration list for PBXNativeTarget "test" */;
			buildPhases = (
				15922829294E5C8A00B4E80C /* Sources */,
				1592282A294E5C8A00B4E80C /* Frameworks */,
				1592282B294E5C8A00B4E80C /* Resources */,
			);
			buildRules = (
			);
			dependencies = (
			);
			name = test;
			productName = test;
			productReference = 1592282D294E5C8A00B4E80C /* test.app */;
			productType = "com.apple.product-type.application";
		};
		15922845294E5C8C00B4E80C /* testTests */ = {
			isa = PBXNativeTarget;
			buildConfigurationList = 1592285D294E5C8C00B4E80C /* Build configuration list for PBXNativeTarget "testTests" */;
			buildPhases = (
				15922842294E5C8C00B4E80C /* Sources */,
				15922843294E5C8C00B4E80C /* Frameworks */,
				15922844294E5C8C00B4E80C /* Resources */,
			);
			buildRules = (
			);
			dependencies = (
				15922848294E5C8C00B4E80C /* PBXTargetDependency */,
			);
			name = testTests;
			productName = testTests;
			productReference = 15922846294E5C8C00B4E80C /* testTests.xctest */;
			productType = "com.apple.product-type.bundle.unit-test";
		};
		1592284F294E5C8C00B4E80C /* testUITests */ = {
			isa = PBXNativeTarget;
			buildConfigurationList = 15922860294E5C8C00B4E80C /* Build configuration list for PBXNativeTarget "testUITests" */;
			buildPhases = (
				1592284C294E5C8C00B4E80C /* Sources */,
				1592284D294E5C8C00B4E80C /* Frameworks */,
				1592284E294E5C8C00B4E80C /* Resources */,
			);
			buildRules = (
			);
			dependencies = (
				15922852294E5C8C00B4E80C /* PBXTargetDependency */,
			);
			name = testUITests;
			productName = testUITests;
			productReference = 15922850294E5C8C00B4E80C /* testUITests.xctest */;
			productType = "com.apple.product-type.bundle.ui-testing";
		};
/* End PBXNativeTarget section */

/* Begin PBXProject section */
		15922825294E5C8A00B4E80C /* Project object */ = {
			isa = PBXProject;
			attributes = {
				BuildIndependentTargetsInParallel = 1;
				LastSwiftUpdateCheck = 1340;
				LastUpgradeCheck = 1340;
				TargetAttributes = {
					1592282C294E5C8A00B4E80C = {
						CreatedOnToolsVersion = 13.4.1;
					};
					15922845294E5C8C00B4E80C = {
						CreatedOnToolsVersion = 13.4.1;
						TestTargetID = 1592282C294E5C8A00B4E80C;
					};
					1592284F294E5C8C00B4E80C = {
						CreatedOnToolsVersion = 13.4.1;
						TestTargetID = 1592282C294E5C8A00B4E80C;
					};
				};
			};
			buildConfigurationList = 15922828294E5C8A00B4E80C /* Build configuration list for PBXProject "test" */;
			compatibilityVersion = "Xcode 13.0";
			developmentRegion = en;
			hasScannedForEncodings = 0;
			knownRegions = (
				en,
				Base,
			);
			mainGroup = 15922824294E5C8A00B4E80C;
			productRefGroup = 1592282E294E5C8A00B4E80C /* Products */;
			projectDirPath = "";
			projectRoot = "";
			targets = (
				1592282C294E5C8A00B4E80C /* test */,
				15922845294E5C8C00B4E80C /* testTests */,
				1592284F294E5C8C00B4E80C /* testUITests */,
			);
		};
/* End PBXProject section */

/* Begin PBXResourcesBuildPhase section */
		1592282B294E5C8A00B4E80C /* Resources */ = {
			isa = PBXResourcesBuildPhase;
			buildActionMask = 2147483647;
			files = (
				15922840294E5C8C00B4E80C /* LaunchScreen.storyboard in Resources */,
				1592283D294E5C8C00B4E80C /* Assets.xcassets in Resources */,
				15922838294E5C8A00B4E80C /* Main.storyboard in Resources */,
			);
			runOnlyForDeploymentPostprocessing = 0;
		};
		15922844294E5C8C00B4E80C /* Resources */ = {
			isa = PBXResourcesBuildPhase;
			buildActionMask = 2147483647;
			files = (
			);
			runOnlyForDeploymentPostprocessing = 0;
		};
		1592284E294E5C8C00B4E80C /* Resources */ = {
			isa = PBXResourcesBuildPhase;
			buildActionMask = 2147483647;
			files = (
			);
			runOnlyForDeploymentPostprocessing = 0;
		};
/* End PBXResourcesBuildPhase section */

/* Begin PBXSourcesBuildPhase section */
		15922829294E5C8A00B4E80C /* Sources */ = {
			isa = PBXSourcesBuildPhase;
			buildActionMask = 2147483647;
			files = (
				15922835294E5C8A00B4E80C /* ViewController.swift in Sources */,
				1592283B294E5C8A00B4E80C /* test.xcdatamodeld in Sources */,
				15922831294E5C8A00B4E80C /* AppDelegate.swift in Sources */,
				15922833294E5C8A00B4E80C /* SceneDelegate.swift in Sources */,
			);
			runOnlyForDeploymentPostprocessing = 0;
		};
		15922842294E5C8C00B4E80C /* Sources */ = {
			isa = PBXSourcesBuildPhase;
			buildActionMask = 2147483647;
			files = (
				1592284B294E5C8C00B4E80C /* testTests.swift in Sources */,
			);
			runOnlyForDeploymentPostprocessing = 0;
		};
		1592284C294E5C8C00B4E80C /* Sources */ = {
			isa = PBXSourcesBuildPhase;
			buildActionMask = 2147483647;
			files = (
				15922857294E5C8C00B4E80C /* testUITestsLaunchTests.swift in Sources */,
				15922855294E5C8C00B4E80C /* testUITests.swift in Sources */,
			);
			runOnlyForDeploymentPostprocessing = 0;
		};
/* End PBXSourcesBuildPhase section */

/* Begin PBXTargetDependency section */
		15922848294E5C8C00B4E80C /* PBXTargetDependency */ = {
			isa = PBXTargetDependency;
			target = 1592282C294E5C8A00B4E80C /* test */;
			targetProxy = 15922847294E5C8C00B4E80C /* PBXContainerItemProxy */;
		};
		15922852294E5C8C00B4E80C /* PBXTargetDependency */ = {
			isa = PBXTargetDependency;
			target = 1592282C294E5C8A00B4E80C /* test */;
			targetProxy = 15922851294E5C8C00B4E80C /* PBXContainerItemProxy */;
		};
/* End PBXTargetDependency section */

/* Begin PBXVariantGroup section */
		15922836294E5C8A00B4E80C /* Main.storyboard */ = {
			isa = PBXVariantGroup;
			children = (
				15922837294E5C8A00B4E80C /* Base */,
			);
			name = Main.storyboard;
			sourceTree = "<group>";
		};
		1592283E294E5C8C00B4E80C /* LaunchScreen.storyboard */ = {
			isa = PBXVariantGroup;
			children = (
				1592283F294E5C8C00B4E80C /* Base */,
			);
			name = LaunchScreen.storyboard;
			sourceTree = "<group>";
		};
/* End PBXVariantGroup section */

/* Begin XCBuildConfiguration section */
		15922858294E5C8C00B4E80C /* Debug */ = {
			isa = XCBuildConfiguration;
			buildSettings = {
				ALWAYS_SEARCH_USER_PATHS = NO;
				CLANG_ANALYZER_NONNULL = YES;
				CLANG_ANALYZER_NUMBER_OBJECT_CONVERSION = YES_AGGRESSIVE;
				CLANG_CXX_LANGUAGE_STANDARD = "gnu++17";
				CLANG_ENABLE_MODULES = YES;
				CLANG_ENABLE_OBJC_ARC = YES;
				CLANG_ENABLE_OBJC_WEAK = YES;
				CLANG_WARN_BLOCK_CAPTURE_AUTORELEASING = YES;
				CLANG_WARN_BOOL_CONVERSION = YES;
				CLANG_WARN_COMMA = YES;
				CLANG_WARN_CONSTANT_CONVERSION = YES;
				CLANG_WARN_DEPRECATED_OBJC_IMPLEMENTATIONS = YES;
				CLANG_WARN_DIRECT_OBJC_ISA_USAGE = YES_ERROR;
				CLANG_WARN_DOCUMENTATION_COMMENTS = YES;
				CLANG_WARN_EMPTY_BODY = YES;
				CLANG_WARN_ENUM_CONVERSION = YES;
				CLANG_WARN_INFINITE_RECURSION = YES;
				CLANG_WARN_INT_CONVERSION = YES;
				CLANG_WARN_NON_LITERAL_NULL_CONVERSION = YES;
				CLANG_WARN_OBJC_IMPLICIT_RETAIN_SELF = YES;
				CLANG_WARN_OBJC_LITERAL_CONVERSION = YES;
				CLANG_WARN_OBJC_ROOT_CLASS = YES_ERROR;
				CLANG_WARN_QUOTED_INCLUDE_IN_FRAMEWORK_HEADER = YES;
				CLANG_WARN_RANGE_LOOP_ANALYSIS = YES;
				CLANG_WARN_STRICT_PROTOTYPES = YES;
				CLANG_WARN_SUSPICIOUS_MOVE = YES;
				CLANG_WARN_UNGUARDED_AVAILABILITY = YES_AGGRESSIVE;
				CLANG_WARN_UNREACHABLE_CODE = YES;
				CLANG_WARN__DUPLICATE_METHOD_MATCH = YES;
				COPY_PHASE_STRIP = NO;
				DEBUG_INFORMATION_FORMAT = dwarf;
				ENABLE_STRICT_OBJC_MSGSEND = YES;
				ENABLE_TESTABILITY = YES;
				GCC_C_LANGUAGE_STANDARD = gnu11;
				GCC_DYNAMIC_NO_PIC = NO;
				GCC_NO_COMMON_BLOCKS = YES;
				GCC_OPTIMIZATION_LEVEL = 0;
				GCC_PREPROCESSOR_DEFINITIONS = (
					"DEBUG=1",
					"$(inherited)",
				);
				GCC_WARN_64_TO_32_BIT_CONVERSION = YES;
				GCC_WARN_ABOUT_RETURN_TYPE = YES_ERROR;
				GCC_WARN_UNDECLARED_SELECTOR = YES;
				GCC_WARN_UNINITIALIZED_AUTOS = YES_AGGRESSIVE;
				GCC_WARN_UNUSED_FUNCTION = YES;
				GCC_WARN_UNUSED_VARIABLE = YES;
				IPHONEOS_DEPLOYMENT_TARGET = 15.5;
				MTL_ENABLE_DEBUG_INFO = INCLUDE_SOURCE;
				MTL_FAST_MATH = YES;
				ONLY_ACTIVE_ARCH = YES;
				SDKROOT = iphoneos;
				SWIFT_ACTIVE_COMPILATION_CONDITIONS = DEBUG;
				SWIFT_OPTIMIZATION_LEVEL = "-Onone";
			};
			name = Debug;
		};
		15922859294E5C8C00B4E80C /* Release */ = {
			isa = XCBuildConfiguration;
			buildSettings = {
				ALWAYS_SEARCH_USER_PATHS = NO;
				CLANG_ANALYZER_NONNULL = YES;
				CLANG_ANALYZER_NUMBER_OBJECT_CONVERSION = YES_AGGRESSIVE;
				CLANG_CXX_LANGUAGE_STANDARD = "gnu++17";
				CLANG_ENABLE_MODULES = YES;
				CLANG_ENABLE_OBJC_ARC = YES;
				CLANG_ENABLE_OBJC_WEAK = YES;
				CLANG_WARN_BLOCK_CAPTURE_AUTORELEASING = YES;
				CLANG_WARN_BOOL_CONVERSION = YES;
				CLANG_WARN_COMMA = YES;
				CLANG_WARN_CONSTANT_CONVERSION = YES;
				CLANG_WARN_DEPRECATED_OBJC_IMPLEMENTATIONS = YES;
				CLANG_WARN_DIRECT_OBJC_ISA_USAGE = YES_ERROR;
				CLANG_WARN_DOCUMENTATION_COMMENTS = YES;
				CLANG_WARN_EMPTY_BODY = YES;
				CLANG_WARN_ENUM_CONVERSION = YES;
				CLANG_WARN_INFINITE_RECURSION = YES;
				CLANG_WARN_INT_CONVERSION = YES;
				CLANG_WARN_NON_LITERAL_NULL_CONVERSION = YES;
				CLANG_WARN_OBJC_IMPLICIT_RETAIN_SELF = YES;
				CLANG_WARN_OBJC_LITERAL_CONVERSION = YES;
				CLANG_WARN_OBJC_ROOT_CLASS = YES_ERROR;
				CLANG_WARN_QUOTED_INCLUDE_IN_FRAMEWORK_HEADER = YES;
				CLANG_WARN_RANGE_LOOP_ANALYSIS = YES;
				CLANG_WARN_STRICT_PROTOTYPES = YES;
				CLANG_WARN_SUSPICIOUS_MOVE = YES;
				CLANG_WARN_UNGUARDED_AVAILABILITY = YES_AGGRESSIVE;
				CLANG_WARN_UNREACHABLE_CODE = YES;
				CLANG_WARN__DUPLICATE_METHOD_MATCH = YES;
				COPY_PHASE_STRIP = NO;
				DEBUG_INFORMATION_FORMAT = "dwarf-with-dsym";
				ENABLE_NS_ASSERTIONS = NO;
				ENABLE_STRICT_OBJC_MSGSEND = YES;
				GCC_C_LANGUAGE_STANDARD = gnu11;
				GCC_NO_COMMON_BLOCKS = YES;
				GCC_WARN_64_TO_32_BIT_CONVERSION = YES;
				GCC_WARN_ABOUT_RETURN_TYPE = YES_ERROR;
				GCC_WARN_UNDECLARED_SELECTOR = YES;
				GCC_WARN_UNINITIALIZED_AUTOS = YES_AGGRESSIVE;
				GCC_WARN_UNUSED_FUNCTION = YES;
				GCC_WARN_UNUSED_VARIABLE = YES;
				IPHONEOS_DEPLOYMENT_TARGET = 15.5;
				MTL_ENABLE_DEBUG_INFO = NO;
				MTL_FAST_MATH = YES;
				SDKROOT = iphoneos;
				SWIFT_COMPILATION_MODE = wholemodule;
				SWIFT_OPTIMIZATION_LEVEL = "-O";
				VALIDATE_PRODUCT = YES;
			};
			name = Release;
		};
		1592285B294E5C8C00B4E80C /* Debug */ = {
			isa = XCBuildConfiguration;
			buildSettings = {
				ASSETCATALOG_COMPILER_APPICON_NAME = AppIcon;
				ASSETCATALOG_COMPILER_GLOBAL_ACCENT_COLOR_NAME = AccentColor;
				CODE_SIGN_STYLE = Automatic;
				CURRENT_PROJECT_VERSION = 1;
				DEVELOPMENT_TEAM = HUT9L7HQFK;
				GENERATE_INFOPLIST_FILE = YES;
				INFOPLIST_FILE = test/Info.plist;
				INFOPLIST_KEY_UIApplicationSupportsIndirectInputEvents = YES;
				INFOPLIST_KEY_UILaunchStoryboardName = LaunchScreen;
				INFOPLIST_KEY_UIMainStoryboardFile = Main;
				INFOPLIST_KEY_UISupportedInterfaceOrientations_iPad = "UIInterfaceOrientationPortrait UIInterfaceOrientationPortraitUpsideDown UIInterfaceOrientationLandscapeLeft UIInterfaceOrientationLandscapeRight";
				INFOPLIST_KEY_UISupportedInterfaceOrientations_iPhone = "UIInterfaceOrientationPortrait UIInterfaceOrientationLandscapeLeft UIInterfaceOrientationLandscapeRight";
				LD_RUNPATH_SEARCH_PATHS = (
					"$(inherited)",
					"@executable_path/Frameworks",
				);
				MARKETING_VERSION = 1.0;
				PRODUCT_BUNDLE_IDENTIFIER = com.FeminFinance.test;
				PRODUCT_NAME = "$(TARGET_NAME)";
				SWIFT_EMIT_LOC_STRINGS = YES;
				SWIFT_VERSION = 5.0;
				TARGETED_DEVICE_FAMILY = "1,2";
			};
			name = Debug;
		};
		1592285C294E5C8C00B4E80C /* Release */ = {
			isa = XCBuildConfiguration;
			buildSettings = {
				ASSETCATALOG_COMPILER_APPICON_NAME = AppIcon;
				ASSETCATALOG_COMPILER_GLOBAL_ACCENT_COLOR_NAME = AccentColor;
				CODE_SIGN_STYLE = Automatic;
				CURRENT_PROJECT_VERSION = 1;
				DEVELOPMENT_TEAM = HUT9L7HQFK;
				GENERATE_INFOPLIST_FILE = YES;
				INFOPLIST_FILE = test/Info.plist;
				INFOPLIST_KEY_UIApplicationSupportsIndirectInputEvents = YES;
				INFOPLIST_KEY_UILaunchStoryboardName = LaunchScreen;
				INFOPLIST_KEY_UIMainStoryboardFile = Main;
				INFOPLIST_KEY_UISupportedInterfaceOrientations_iPad = "UIInterfaceOrientationPortrait UIInterfaceOrientationPortraitUpsideDown UIInterfaceOrientationLandscapeLeft UIInterfaceOrientationLandscapeRight";
				INFOPLIST_KEY_UISupportedInterfaceOrientations_iPhone = "UIInterfaceOrientationPortrait UIInterfaceOrientationLandscapeLeft UIInterfaceOrientationLandscapeRight";
				LD_RUNPATH_SEARCH_PATHS = (
					"$(inherited)",
					"@executable_path/Frameworks",
				);
				MARKETING_VERSION = 1.0;
				PRODUCT_BUNDLE_IDENTIFIER = com.FeminFinance.test;
				PRODUCT_NAME = "$(TARGET_NAME)";
				SWIFT_EMIT_LOC_STRINGS = YES;
				SWIFT_VERSION = 5.0;
				TARGETED_DEVICE_FAMILY = "1,2";
			};
			name = Release;
		};
		1592285E294E5C8C00B4E80C /* Debug */ = {
			isa = XCBuildConfiguration;
			buildSettings = {
				ALWAYS_EMBED_SWIFT_STANDARD_LIBRARIES = YES;
				BUNDLE_LOADER = "$(TEST_HOST)";
				CODE_SIGN_STYLE = Automatic;
				CURRENT_PROJECT_VERSION = 1;
				DEVELOPMENT_TEAM = HUT9L7HQFK;
				GENERATE_INFOPLIST_FILE = YES;
				IPHONEOS_DEPLOYMENT_TARGET = 15.5;
				MARKETING_VERSION = 1.0;
				PRODUCT_BUNDLE_IDENTIFIER = com.FeminFinance.testTests;
				PRODUCT_NAME = "$(TARGET_NAME)";
				SWIFT_EMIT_LOC_STRINGS = NO;
				SWIFT_VERSION = 5.0;
				TARGETED_DEVICE_FAMILY = "1,2";
				TEST_HOST = "$(BUILT_PRODUCTS_DIR)/test.app/test";
			};
			name = Debug;
		};
		1592285F294E5C8C00B4E80C /* Release */ = {
			isa = XCBuildConfiguration;
			buildSettings = {
				ALWAYS_EMBED_SWIFT_STANDARD_LIBRARIES = YES;
				BUNDLE_LOADER = "$(TEST_HOST)";
				CODE_SIGN_STYLE = Automatic;
				CURRENT_PROJECT_VERSION = 1;
				DEVELOPMENT_TEAM = HUT9L7HQFK;
				GENERATE_INFOPLIST_FILE = YES;
				IPHONEOS_DEPLOYMENT_TARGET = 15.5;
				MARKETING_VERSION = 1.0;
				PRODUCT_BUNDLE_IDENTIFIER = com.FeminFinance.testTests;
				PRODUCT_NAME = "$(TARGET_NAME)";
				SWIFT_EMIT_LOC_STRINGS = NO;
				SWIFT_VERSION = 5.0;
				TARGETED_DEVICE_FAMILY = "1,2";
				TEST_HOST = "$(BUILT_PRODUCTS_DIR)/test.app/test";
			};
			name = Release;
		};
		15922861294E5C8C00B4E80C /* Debug */ = {
			isa = XCBuildConfiguration;
			buildSettings = {
				ALWAYS_EMBED_SWIFT_STANDARD_LIBRARIES = YES;
				CODE_SIGN_STYLE = Automatic;
				CURRENT_PROJECT_VERSION = 1;
				DEVELOPMENT_TEAM = HUT9L7HQFK;
				GENERATE_INFOPLIST_FILE = YES;
				MARKETING_VERSION = 1.0;
				PRODUCT_BUNDLE_IDENTIFIER = com.FeminFinance.testUITests;
				PRODUCT_NAME = "$(TARGET_NAME)";
				SWIFT_EMIT_LOC_STRINGS = NO;
				SWIFT_VERSION = 5.0;
				TARGETED_DEVICE_FAMILY = "1,2";
				TEST_TARGET_NAME = test;
			};
			name = Debug;
		};
		15922862294E5C8C00B4E80C /* Release */ = {
			isa = XCBuildConfiguration;
			buildSettings = {
				ALWAYS_EMBED_SWIFT_STANDARD_LIBRARIES = YES;
				CODE_SIGN_STYLE = Automatic;
				CURRENT_PROJECT_VERSION = 1;
				DEVELOPMENT_TEAM = HUT9L7HQFK;
				GENERATE_INFOPLIST_FILE = YES;
				MARKETING_VERSION = 1.0;
				PRODUCT_BUNDLE_IDENTIFIER = com.FeminFinance.testUITests;
				PRODUCT_NAME = "$(TARGET_NAME)";
				SWIFT_EMIT_LOC_STRINGS = NO;
				SWIFT_VERSION = 5.0;
				TARGETED_DEVICE_FAMILY = "1,2";
				TEST_TARGET_NAME = test;
			};
			name = Release;
		};
/* End XCBuildConfiguration section */

/* Begin XCConfigurationList section */
		15922828294E5C8A00B4E80C /* Build configuration list for PBXProject "test" */ = {
			isa = XCConfigurationList;
			buildConfigurations = (
				15922858294E5C8C00B4E80C /* Debug */,
				15922859294E5C8C00B4E80C /* Release */,
			);
			defaultConfigurationIsVisible = 0;
			defaultConfigurationName = Release;
		};
		1592285A294E5C8C00B4E80C /* Build configuration list for PBXNativeTarget "test" */ = {
			isa = XCConfigurationList;
			buildConfigurations = (
				1592285B294E5C8C00B4E80C /* Debug */,
				1592285C294E5C8C00B4E80C /* Release */,
			);
			defaultConfigurationIsVisible = 0;
			defaultConfigurationName = Release;
		};
		1592285D294E5C8C00B4E80C /* Build configuration list for PBXNativeTarget "testTests" */ = {
			isa = XCConfigurationList;
			buildConfigurations = (
				1592285E294E5C8C00B4E80C /* Debug */,
				1592285F294E5C8C00B4E80C /* Release */,
			);
			defaultConfigurationIsVisible = 0;
			defaultConfigurationName = Release;
		};
		15922860294E5C8C00B4E80C /* Build configuration list for PBXNativeTarget "testUITests" */ = {
			isa = XCConfigurationList;
			buildConfigurations = (
				15922861294E5C8C00B4E80C /* Debug */,
				15922862294E5C8C00B4E80C /* Release */,
			);
			defaultConfigurationIsVisible = 0;
			defaultConfigurationName = Release;
		};
/* End XCConfigurationList section */

/* Begin XCVersionGroup section */
		15922839294E5C8A00B4E80C /* test.xcdatamodeld */ = {
			isa = XCVersionGroup;
			children = (
				1592283A294E5C8A00B4E80C /* test.xcdatamodel */,
			);
			currentVersion = 1592283A294E5C8A00B4E80C /* test.xcdatamodel */;
			path = test.xcdatamodeld;
			sourceTree = "<group>";
			versionGroupType = wrapper.xcdatamodel;
		};
/* End XCVersionGroup section */
	};
	rootObject = 15922825294E5C8A00B4E80C /* Project object */;
}
